dependencies:
- name: postgresql
  repository: https://charts.bitnami.com/bitnami
  version: 18.8.4
- name: mysql
  repository: https://charts.bitnami.com/bitnami
  version: 14.0.3
- name: minio
  repository: https://charts.min.io/
  version: 5.4.0
digest: sha256:e0948c87da24554e8b6db9e9949f516ba9530c73162975eec9e076190e401178
generated: "2026-08-01T02:51:22.317345629Z"
