dependencies:
- name: postgresql
  repository: https://charts.bitnami.com/bitnami
  version: 18.8.13
- name: mysql
  repository: https://charts.bitnami.com/bitnami
  version: 14.0.3
- name: minio
  repository: https://charts.min.io/
  version: 5.4.0
digest: sha256:8aed01fb9bd3b6450e8f16c25b26d7e5b455ca3f9fac618c2e5148e145143b9e
generated: "2026-08-27T02:49:20.921542155Z"
