dependencies:
- name: postgresql
  repository: https://charts.bitnami.com/bitnami
  version: 18.1.7
- name: mysql
  repository: https://charts.bitnami.com/bitnami
  version: 14.0.3
digest: sha256:8b9b9e49b3c264a69c0142fef8985a15a57a25634db35924d254981bdc1f088c
generated: "2025-11-08T11:51:38.56845252Z"
