dependencies:
- name: redis
  repository: https://charts.bitnami.com/bitnami
  version: 24.1.2
- name: postgresql
  repository: https://charts.bitnami.com/bitnami
  version: 18.2.0
- name: minio
  repository: https://charts.min.io/
  version: 5.4.0
digest: sha256:96fe6376755aea3293bb87c2db9bd1c772acc5ac04d0ab424266ea52d0bcd1ef
generated: "2026-01-19T02:47:40.96104333Z"
