dependencies:
- name: redis
  repository: https://charts.bitnami.com/bitnami
  version: 24.1.2
- name: postgresql
  repository: https://charts.bitnami.com/bitnami
  version: 18.2.3
- name: minio
  repository: https://charts.min.io/
  version: 5.4.0
digest: sha256:f7801d8e412d99b527ba5d69820ec41e56d88f0130ebe1388d8c338a4d32012b
generated: "2026-01-21T02:50:11.89309092Z"
