dependencies:
- name: redis
  repository: https://charts.bitnami.com/bitnami
  version: 27.0.18
- name: postgresql
  repository: https://charts.bitnami.com/bitnami
  version: 18.8.1
- name: minio
  repository: https://charts.min.io/
  version: 5.4.0
digest: sha256:a6b4160a220a305253665570a572f70a618e0eaa1dabaa88654b88bb6f647b72
generated: "2026-07-28T02:54:17.982471825Z"
