dependencies:
- name: redis
  repository: https://charts.bitnami.com/bitnami
  version: 27.0.18
- name: postgresql
  repository: https://charts.bitnami.com/bitnami
  version: 18.8.4
- name: minio
  repository: https://charts.min.io/
  version: 5.4.0
digest: sha256:e93e0abe40e931a0252106f8709dca7975bf9dbca7d8f2855209850ede27bc96
generated: "2026-07-30T02:40:18.817442175Z"
