dependencies:
- name: redis
  repository: https://charts.bitnami.com/bitnami
  version: 25.3.11
- name: postgresql
  repository: https://charts.bitnami.com/bitnami
  version: 18.5.17
- name: minio
  repository: https://charts.min.io/
  version: 5.4.0
digest: sha256:ad6b2603f5cc93b5cd991b62158e3786b3364bda13d470daa224b074370132b9
generated: "2026-04-15T02:52:11.526951133Z"
